{
    "_meta": {
        "hash": {
            "sha256": "51534cd642bb4ff13d524995b020b56f0be69dd2ad5641bba21fa053e3feff5b"
        },
        "pipfile-spec": 6,
        "requires": {
            "python_version": "3.10"
        },
        "sources": [
            {
                "name": "pypi",
                "url": "https://pypi.python.org/simple",
                "verify_ssl": true
            }
        ]
    },
    "default": {
        "args": {
            "hashes": [
                "sha256:a785b8d837625e9b61c39108532d95b85274acd679693b71ebb5156848fcf814"
            ],
            "version": "==0.1.0"
        },
        "clint": {
            "hashes": [
                "sha256:05224c32b1075563d0b16d0015faaf9da43aa214e4a2140e51f08789e7a4c5aa"
            ],
            "version": "==0.5.1"
        },
        "coverage": {
            "hashes": [
                "sha256:0177614a0370f227888b4e436a7c55686d6a9f90eb1ade2b624ba685a1686e86",
                "sha256:01b7733daad0237daa01ef80fe2dfceffc911e6a17fa7b55d14aa8214eaaaecd",
                "sha256:03a6f93c1ec3b7f2e77b5dbcc5573a2c21f12529a5c6bbe0f16f72303cc2fa4d",
                "sha256:042c46ded7c288aeb07cf14a28b6c1e10b78fcba40171c3fa1e939377eeef0b5",
                "sha256:06144cd511cf2624873a035c5069cf297144f6e77a73ee3d7a55b605ec5efb42",
                "sha256:07c6290b1697b862c0478eab545eec949a0d0e4d6d03497f446d706da3b4f2de",
                "sha256:10274a1fbeb8ec5d72966e17bb198a3104257aca4ac09d98667c5f8aca8c8548",
                "sha256:1101a5ebb083aecb625ebb6209d4105b58f647b093cb2dc8122d7b33f743cfe1",
                "sha256:114c95ef29302423b87d159075805f4ab973254a2638a5d7d046c94887cc87d7",
                "sha256:1238cb94638e610e972c60dac68e813f868dc7d6e982535270558443058d9d59",
                "sha256:12c42ec1e14f553c4f817e989365982e646e27211f10a0f717855b94a79c8906",
                "sha256:145986fe66647eb489f18d9a997567a3fd358584c4b5a808769113abc07466af",
                "sha256:17a5a241e5997621a956a7f402a7433ef4221e5152809b785bec79e2323799f1",
                "sha256:1896f5e19ff3f0431c7ce2172adc54890fd97f86b59ced8ca1649145d9ffe35d",
                "sha256:196a13319ad88d6d8ef5ab489ec4f44ddde2143c0c7d5b27786f6c3ffd56a7e1",
                "sha256:221c70f316241a78e77e607c227cefc8808d4e08f28d99c04f35694690e940be",
                "sha256:2222be86d0b54f5dd5a38f45f17f315f737245e857bf0bdedc70734f84a13c02",
                "sha256:2224f89ffd0c5605ccce1ed7a584da162bc7c55f601ab1c946bc9de31a486b42",
                "sha256:23bf7fa51ac02e07fc7c96849b82946da47ae862dc8f86d183b2a4864fc38129",
                "sha256:2d69af5dea2de76fc485a83032a630523f985198b7e25be901ec60181587b01e",
                "sha256:30c08f7d90415aa98b3c990385dea2939b0da55f38515e5b369b83655f8523be",
                "sha256:357d4e32935c36588aaba057d734fa32428c360c9fc2e4442afbf1b646beee6e",
                "sha256:35ab22d91de736e8966b980dc355cbcdd2c6dbbcfe275f9a2991bc8a91b3df65",
                "sha256:370c5afae3fa0658e11694a32b24c2778f6bc2d17718121f94ee185e69f26b54",
                "sha256:3758dd0a7f1fa57365ef2e781df0f0731d38b6e3772259d13dae4bd8a958d4b1",
                "sha256:39b21e212c55af06fa375e3dbf90a8a8e38792f3a910c580066d23563830ddd5",
                "sha256:3a56abc20a472baf0304c455721bc601477440d28ecfde8a03dde79ede07e0df",
                "sha256:3c18ebc343e15be53049b3a2dce38fe82d58f37e20ab9094b3a39c0aa4f6bb47",
                "sha256:3d452fd08b5c72c5167c93e6867b5c08500bd40f2a21e1e854a500550b6cc36f",
                "sha256:3e3680291c4a1d0dadfa84a2c459576a4af5133abb617905714339a0c73138cf",
                "sha256:442cc9c952b2df400cda54bb04ab87330cf2cd08a8692cbbea36773531eb6f37",
                "sha256:46f714d2fb8ae2f4f29f23ada7f1e79b759fff5a70f94a1dac23af204c3ec9e4",
                "sha256:478b5bcd63c2e1357c5c7e16c070690df7b07f676b1c114d7b93e533c664309f",
                "sha256:48b283b1dd6372e8de2a7a9a4c4d5dc06f4d4fd209b876f3c88a7a205a0c8f84",
                "sha256:4a28fd227808366b196a75476dced2eb35b351d6766ba9c858dc93319e87f4f1",
                "sha256:4ea1c034f95c9b056e856b794630b17f9fa3d57e4800ff1e503d3be0f9c9078c",
                "sha256:51bd64741cc6fa065abd300ede1afe5a5291ece9c31da8b24884deda48bcc3f8",
                "sha256:54acdb6674a4661768d7bf7db32dfb9f46ab1d764f8aba6df75ce1a6a088724e",
                "sha256:59baf88468dbc8d63b1887afd92bda52e40bb1561696e5819670601403810cec",
                "sha256:5a1c5215be81035e629d5bc756650634d0bf31991038db7a0eccb90f025ce16d",
                "sha256:5b0c99ba93a07d56f6df340bb79be53202a082b2fdb81bfe6190b741a3470d54",
                "sha256:5ea0c297e27133853b4d8a3eb799bff5a2dbd9f2f41537a240d337ac9b4df890",
                "sha256:5f0cfc27c539f07cf5c0a4cfe211d0b6cae039f8f40526dbaa71944e64b50a7b",
                "sha256:6223a72fd0e4c7156353ec0f08a5f93623e1d3034d0e2683b9bb8ea674131b1d",
                "sha256:62a9f70b52e0b5a95cfef4a5c5641b06983cadc5e538a3feeb5c00211f523ac2",
                "sha256:62fd185ef9df3c33d1c8178c5af105f762afbad96038de9a4ae100aa6297ca33",
                "sha256:6a3cb83d1552c0cd1b4906655b6a33fd4a8473229633a901c6b73bf86914dee9",
                "sha256:6adc5a36984624a70bf11d7184e20fa0a49aa7c47ffab43804106a1a695ea22e",
                "sha256:6b6b0853b895fe0e98cbfc580d1ec3393d9302b4b1e96a77b3f5c91fdab899e6",
                "sha256:6ff665fb023a77386fe11685190cee1f60a7d635994a30d9b0a061533d470fce",
                "sha256:7279d2110a28cebc738b6459ecda2771735a4c18465fbbd36b3288fe5ed92247",
                "sha256:76a085d7005236a767e3426148b2c407e53ad61695c562f8a81da2d373324901",
                "sha256:7771b601718fdde84832c3a434ca9bbf4ae9adbc49d84198b4110700c3c77c36",
                "sha256:79058c47dae6788504b5effb319961bcd72d7240551464b91d474bc0ed186d69",
                "sha256:7af486dabe8954d03b087f0021540897afe084f04e16ff5579e08cc46f871416",
                "sha256:7f02d09f70776579b926d889a4c9c235070a1f47c40458aeaca563fae5acfdb5",
                "sha256:8011224a62280e50dab346960c03cf47aca1a1e09e608c0fb33fd6e0cc8e9500",
                "sha256:8270544c361ed405a27a060dbc9ed2c124b084d96dfdc2d9a2510482aef981ad",
                "sha256:84ac9499e48700399a5dd0ea7085b5091961fec52c68d66b4ec0d3cf7f4441b1",
                "sha256:84b535f00655ecafe1d929d1fb00ed5d6fa3051ea643ab2c161a3887b86f294b",
                "sha256:851b9e1e4e8a4608e77c79714b2e77c0970d2ed7202a05e92ae407817481887b",
                "sha256:85e85586565842f6932abebd4c18bcb1074223dc0b3576e7d173ca710622813a",
                "sha256:87ebdf787d4888e3f3f2d523eadc6e18c6d18c6d0eb173801a189641627fb37e",
                "sha256:8a3ce026d73290f42f08dafecbd82c193a74df280461fbf97300fec51fd133ee",
                "sha256:9132cd363a68a4c3daa7c8704a654b1e39d3360f6f5b8ddd470608a945236c07",
                "sha256:99cd41ff91afd94896fea3bc002706b6ae4ce95727d06e4a0f39c0a8d8bd8b1a",
                "sha256:9eeb3fcbc13ba40dfbdb22d01d196a28e9cef9ed4c29b60061a1e0e823a9929d",
                "sha256:a06c76364a9360e33d6d23769aefdf7f66f38e2ffb60ceb1baaa4989d83b695c",
                "sha256:a07891c3f4805442b31b71e84ba3cf29ed1aa9a428284e06deeb4b23e5b46343",
                "sha256:a24a81f9715ee42ef59a316cc11611c98fe23920f7c81861315c9f3ff4a230f4",
                "sha256:a252f21c27e38347e60111a3266b03827422a7d5525951aceee313aa68bab1d2",
                "sha256:a311d8e1da24be5c1ccf85cbfb06315dbaa1703d5a1eab3f6432c72b837917c8",
                "sha256:a5274669f37f2343635a347b91a60777621341ab3378e9c6ac9335eee704bddf",
                "sha256:aa5e304a873fabddc11e484e9b6b738bd38bd7bed17b09aa84eecf5332e8b8bb",
                "sha256:ab4af6352741a604c431c6072fce5bee33bf0f20dc7a56618d6bf6bb89e9810c",
                "sha256:b553d04b5e778a8e56d57eb134aff42a92718ecba45e79c4764ecfa40efd92ff",
                "sha256:b84800013769a78ccb9ef4659402e26d06867e337b61ec365f77ad008adea80e",
                "sha256:b84ffdf877644e7096aa936991efeed873f7f3df57b9cd001312b7668ab08550",
                "sha256:bcaa50684dcaadfa599ac48f81103c756d791cfd85c97203d2217c593d48b860",
                "sha256:be9f2c802dcfce3f71298303aa5dad0dce440a76c52f2f60dacd8656dab78793",
                "sha256:c643734307300234fafa36bf2a040a7235f8f177ea1fd6ec1423aea6fb7b929f",
                "sha256:c79cead5b5bc584d9c71451cb984d0e3a84e0c0937379c8efcbf27c8d661b851",
                "sha256:c7e057326434e441306226fbeb5d1aaf14a2637efe97ba668306635835f32ad7",
                "sha256:c912c259304cfb5ee584481cfb7ce1ff932b4d61e6c9140b8f19cb7b5ed82332",
                "sha256:ce66d8e46da2bb5ee313a745cbd2e391d319176c1f7a9451bfcd3a2fb920859b",
                "sha256:ced2f09ef276fd58611a1ef502164ad266d2b75174e5a40cabbdb4033f9f6cf2",
                "sha256:cfe5a5fec635799ef33428f1e5e61bafa45a92a96190ba731561ba558ccc214d",
                "sha256:d13e6725992e2d2fd7d81d4f5241952d13740121dfd501da09201be39b2c003a",
                "sha256:d34d75f892b3ab73ba11cab5442cce7b3e168fd64162b16f0e1e0d09c508edef",
                "sha256:d5b89cdfb2ee051b71e8c3c70bd81a9eff81100f736a269136fe1a68efe00474",
                "sha256:d5ed429d0b8edaac649e889b4ffcedb6c80b06629a3f93050e3dddfb99235bee",
                "sha256:da028256b04ec30e5e0114b6f76172938c313991f0a2d3d894271315cf5d5e43",
                "sha256:dcbf65f1f66a26cdd88c35cf68fb4729c5d1cd2e88added72420541dfb212034",
                "sha256:dd34767fa19848d35659ffc0a75314f58c7af3f1cd87ec521e8292a1238398a3",
                "sha256:ddf799247318f34dbcd2efa8c95a8d0642674e926bb1774cf9b63dfd2a389d1c",
                "sha256:de286598cc65d2b489411174b1faec2f5a7775fb3201fd925db2a76b4030f37d",
                "sha256:e471bc5769ff073b058cfadb0d736b56ce067c8560eabeb0da88462df98c23e7",
                "sha256:e854312c4103f2ad4c0dc023b69b77ebfd2c89db5f86c4c94dc2353f9a92167e",
                "sha256:ea8cd6ca0ee9f616aaef3afc6882e32c2cbf18b00d96313ffd76af650574034d",
                "sha256:f2302660e32562a532b442480121aef8aa61a5bdb20b30bf0adab29f10a5a4b4",
                "sha256:f497a1ea81d4cd7c10ddcaa685135b9aabd291af3d55775a9ddf3cb7a364cdd9",
                "sha256:f4ddbe407477f04c45115d1a4e5bc480f753553b534d338d4c3358b1cdd0ea52",
                "sha256:f747dc8edcfe740130f28f32f3995e955494285717e86ee25af51db2219df08a",
                "sha256:fad54e871165f6ec2f536063ac74c3104508a12963e64072ba44bd822de52b0c",
                "sha256:fc459e5d73be2d6332fcfe8dbf3d8994671fe33c700f4565988ecfa511547253",
                "sha256:fd86572566fb40189a8260446158235159bc7a82dfbc87a3b39cf4fb57fcec1c"
            ],
            "markers": "python_version >= '3.10'",
            "version": "==7.14.1"
        },
        "expects": {
            "hashes": [
                "sha256:419902ccafe81b7e9559eeb6b7a07ef9d5c5604eddb93000f0642b3b2d594f4c"
            ],
            "index": "pypi",
            "version": "==0.9.0"
        },
        "mamba": {
            "hashes": [
                "sha256:4dcf69e9a53e78d4aa5ec3dee0bb2c65f02ea68a6b62c4275653d7170b8f5fe2"
            ],
            "index": "pypi",
            "version": "==0.11.3"
        },
        "path": {
            "hashes": [
                "sha256:2dfcbfec8b4d960f3469c52acf133113c2a8bf12ac7b98d629fa91af87248d42",
                "sha256:ec7e136df29172e5030dd07e037d55f676bdb29d15bfa09b80da29d07d3b9303"
            ],
            "markers": "python_version >= '3.9'",
            "version": "==17.1.1"
        },
        "path.py": {
            "hashes": [
                "sha256:8d885e8b2497aed005703d94e0fd97943401f035e42a136810308bff034529a8",
                "sha256:a43e82eb2c344c3fd0b9d6352f6b856f40b8b7d3d65cc05978b42c3715668496"
            ],
            "markers": "python_version >= '3.5'",
            "version": "==12.5.0"
        },
        "pexpect": {
            "hashes": [
                "sha256:7236d1e080e4936be2dc3e326cec0af72acf9212a7e1d060210e70a47e253523",
                "sha256:ee7d41123f3c9911050ea2c2dac107568dc43b2d3b0c7557a33212c398ead30f"
            ],
            "index": "pypi",
            "version": "==4.9.0"
        },
        "ptyprocess": {
            "hashes": [
                "sha256:4b41f3967fce3af57cc7e94b888626c18bf37a083e3651ca8feeb66d492fef35",
                "sha256:5c5d0a3b48ceee0b48485e0c26037c0acd7d29765ca3fbb5cb3831d347423220"
            ],
            "version": "==0.7.0"
        }
    },
    "develop": {}
}
